
Microsoft Visual Studio Solution File, Format Version 12.00
# Visual Studio Version 17
VisualStudioVersion = 17.7.34221.43
MinimumVisualStudioVersion = 10.0.40219.1
Project("{FAE04EC0-301F-11D3-BF4B-00C04F79EFBC}") = "RizzGameingBase", "RizzGameingBase\RizzGameingBase.csproj", "{EA8523E3-BD24-45E0-9A45-418C816BD0A8}"
EndProject
Global
	GlobalSection(SolutionConfigurationPlatforms) = preSolution
		Debug|Any CPU = Debug|Any CPU
		Release|Any CPU = Release|Any CPU
	EndGlobalSection
	GlobalSection(ProjectConfigurationPlatforms) = postSolution
		{EA8523E3-BD24-45E0-9A45-418C816BD0A8}.Debug|Any CPU.ActiveCfg = Debug|Any CPU
		{EA8523E3-BD24-45E0-9A45-418C816BD0A8}.Debug|Any CPU.Build.0 = Debug|Any CPU
		{EA8523E3-BD24-45E0-9A45-418C816BD0A8}.Release|Any CPU.ActiveCfg = Release|Any CPU
		{EA8523E3-BD24-45E0-9A45-418C816BD0A8}.Release|Any CPU.Build.0 = Release|Any CPU
	EndGlobalSection
	GlobalSection(SolutionProperties) = preSolution
		HideSolutionNode = FALSE
	EndGlobalSection
	GlobalSection(ExtensibilityGlobals) = postSolution
		SolutionGuid = {F3BA0BCF-A22E-4C13-8F5C-E7554DA2D865}
	EndGlobalSection
EndGlobal
